
Microsoft Visual Studio Solution File, Format Version 12.00
# Visual Studio Version 17
VisualStudioVersion = 17.9.34701.34
MinimumVisualStudioVersion = 10.0.40219.1
Project("{FAE04EC0-301F-11D3-BF4B-00C04F79EFBC}") = "FancyFrenchStore.Data", "FancyFrenchStore.Data\FancyFrenchStore.Data.csproj", "{DB39001A-D9E2-4772-BFB4-2BCE17CA2FCA}"
EndProject
Project("{FAE04EC0-301F-11D3-BF4B-00C04F79EFBC}") = "FancyFrenchStore.UI", "FancyFrenchStore.UI\FancyFrenchStore.UI.csproj", "{CE66AAEF-3A89-4D1B-9D6B-287C89D5149A}"
	ProjectSection(ProjectDependencies) = postProject
		{DB39001A-D9E2-4772-BFB4-2BCE17CA2FCA} = {DB39001A-D9E2-4772-BFB4-2BCE17CA2FCA}
	EndProjectSection
EndProject
Project("{FAE04EC0-301F-11D3-BF4B-00C04F79EFBC}") = "FancyFrenchStore.Test", "FancyFrenchStore.Test\FancyFrenchStore.Test.csproj", "{9E978ACF-6C43-4701-A167-5B4DDABC97E3}"
EndProject
Global
	GlobalSection(SolutionConfigurationPlatforms) = preSolution
		Debug|Any CPU = Debug|Any CPU
		Release|Any CPU = Release|Any CPU
	EndGlobalSection
	GlobalSection(ProjectConfigurationPlatforms) = postSolution
		{DB39001A-D9E2-4772-BFB4-2BCE17CA2FCA}.Debug|Any CPU.ActiveCfg = Debug|Any CPU
		{DB39001A-D9E2-4772-BFB4-2BCE17CA2FCA}.Debug|Any CPU.Build.0 = Debug|Any CPU
		{DB39001A-D9E2-4772-BFB4-2BCE17CA2FCA}.Release|Any CPU.ActiveCfg = Release|Any CPU
		{DB39001A-D9E2-4772-BFB4-2BCE17CA2FCA}.Release|Any CPU.Build.0 = Release|Any CPU
		{CE66AAEF-3A89-4D1B-9D6B-287C89D5149A}.Debug|Any CPU.ActiveCfg = Debug|Any CPU
		{CE66AAEF-3A89-4D1B-9D6B-287C89D5149A}.Debug|Any CPU.Build.0 = Debug|Any CPU
		{CE66AAEF-3A89-4D1B-9D6B-287C89D5149A}.Release|Any CPU.ActiveCfg = Release|Any CPU
		{CE66AAEF-3A89-4D1B-9D6B-287C89D5149A}.Release|Any CPU.Build.0 = Release|Any CPU
		{9E978ACF-6C43-4701-A167-5B4DDABC97E3}.Debug|Any CPU.ActiveCfg = Debug|Any CPU
		{9E978ACF-6C43-4701-A167-5B4DDABC97E3}.Debug|Any CPU.Build.0 = Debug|Any CPU
		{9E978ACF-6C43-4701-A167-5B4DDABC97E3}.Release|Any CPU.ActiveCfg = Release|Any CPU
		{9E978ACF-6C43-4701-A167-5B4DDABC97E3}.Release|Any CPU.Build.0 = Release|Any CPU
	EndGlobalSection
	GlobalSection(SolutionProperties) = preSolution
		HideSolutionNode = FALSE
	EndGlobalSection
	GlobalSection(ExtensibilityGlobals) = postSolution
		SolutionGuid = {0FF1E710-1628-42E1-A5B8-FC21C4496FF1}
	EndGlobalSection
EndGlobal
