
Microsoft Visual Studio Solution File, Format Version 12.00
# Visual Studio Version 17
VisualStudioVersion = 17.9.34701.34
MinimumVisualStudioVersion = 10.0.40219.1
Project("{FAE04EC0-301F-11D3-BF4B-00C04F79EFBC}") = "FancyFrenchStore", "FancyFrenchStore.Data\FancyFrenchStore.csproj", "{DB39001A-D9E2-4772-BFB4-2BCE17CA2FCA}"
EndProject
Project("{FAE04EC0-301F-11D3-BF4B-00C04F79EFBC}") = "FancyFrenchStore.API", "FancyFrenchStore.API\FancyFrenchStore.API.csproj", "{ED7064F6-061F-4EA4-AF6A-4BE803EF62C1}"
EndProject
Global
	GlobalSection(SolutionConfigurationPlatforms) = preSolution
		Debug|Any CPU = Debug|Any CPU
		Release|Any CPU = Release|Any CPU
	EndGlobalSection
	GlobalSection(ProjectConfigurationPlatforms) = postSolution
		{DB39001A-D9E2-4772-BFB4-2BCE17CA2FCA}.Debug|Any CPU.ActiveCfg = Debug|Any CPU
		{DB39001A-D9E2-4772-BFB4-2BCE17CA2FCA}.Debug|Any CPU.Build.0 = Debug|Any CPU
		{DB39001A-D9E2-4772-BFB4-2BCE17CA2FCA}.Release|Any CPU.ActiveCfg = Release|Any CPU
		{DB39001A-D9E2-4772-BFB4-2BCE17CA2FCA}.Release|Any CPU.Build.0 = Release|Any CPU
		{ED7064F6-061F-4EA4-AF6A-4BE803EF62C1}.Debug|Any CPU.ActiveCfg = Debug|Any CPU
		{ED7064F6-061F-4EA4-AF6A-4BE803EF62C1}.Debug|Any CPU.Build.0 = Debug|Any CPU
		{ED7064F6-061F-4EA4-AF6A-4BE803EF62C1}.Release|Any CPU.ActiveCfg = Release|Any CPU
		{ED7064F6-061F-4EA4-AF6A-4BE803EF62C1}.Release|Any CPU.Build.0 = Release|Any CPU
	EndGlobalSection
	GlobalSection(SolutionProperties) = preSolution
		HideSolutionNode = FALSE
	EndGlobalSection
	GlobalSection(ExtensibilityGlobals) = postSolution
		SolutionGuid = {0FF1E710-1628-42E1-A5B8-FC21C4496FF1}
	EndGlobalSection
EndGlobal
